
Microsoft Visual Studio Solution File, Format Version 12.00
# Visual Studio 15
VisualStudioVersion = 15.0.27130.2010
MinimumVisualStudioVersion = 10.0.40219.1
Project("{FAE04EC0-301F-11D3-BF4B-00C04F79EFBC}") = "Excel Macros UI", "Excel Macros UI\Excel Macros UI.csproj", "{B424D7EB-76F2-447A-B183-102F12F16E31}"
	ProjectSection(ProjectDependencies) = postProject
		{7F66ED27-0CC9-4DC1-B423-02D7C35FD225} = {7F66ED27-0CC9-4DC1-B423-02D7C35FD225}
	EndProjectSection
EndProject
Project("{FAE04EC0-301F-11D3-BF4B-00C04F79EFBC}") = "Excel Macros INTEROP", "Excel Macros INTEROP\Excel Macros INTEROP.csproj", "{7F66ED27-0CC9-4DC1-B423-02D7C35FD225}"
EndProject
Project("{FAE04EC0-301F-11D3-BF4B-00C04F79EFBC}") = "Excel Macros RIBBON", "Excel Macros RIBBON\Excel Macros RIBBON.csproj", "{4BA8792A-D582-489F-A264-D19C7B7D4C09}"
	ProjectSection(ProjectDependencies) = postProject
		{B424D7EB-76F2-447A-B183-102F12F16E31} = {B424D7EB-76F2-447A-B183-102F12F16E31}
	EndProjectSection
EndProject
Global
	GlobalSection(SolutionConfigurationPlatforms) = preSolution
		Debug|Any CPU = Debug|Any CPU
		Release|Any CPU = Release|Any CPU
	EndGlobalSection
	GlobalSection(ProjectConfigurationPlatforms) = postSolution
		{B424D7EB-76F2-447A-B183-102F12F16E31}.Debug|Any CPU.ActiveCfg = Debug|Any CPU
		{B424D7EB-76F2-447A-B183-102F12F16E31}.Debug|Any CPU.Build.0 = Debug|Any CPU
		{B424D7EB-76F2-447A-B183-102F12F16E31}.Release|Any CPU.ActiveCfg = Release|Any CPU
		{B424D7EB-76F2-447A-B183-102F12F16E31}.Release|Any CPU.Build.0 = Release|Any CPU
		{7F66ED27-0CC9-4DC1-B423-02D7C35FD225}.Debug|Any CPU.ActiveCfg = Debug|Any CPU
		{7F66ED27-0CC9-4DC1-B423-02D7C35FD225}.Debug|Any CPU.Build.0 = Debug|Any CPU
		{7F66ED27-0CC9-4DC1-B423-02D7C35FD225}.Release|Any CPU.ActiveCfg = Release|Any CPU
		{7F66ED27-0CC9-4DC1-B423-02D7C35FD225}.Release|Any CPU.Build.0 = Release|Any CPU
		{4BA8792A-D582-489F-A264-D19C7B7D4C09}.Debug|Any CPU.ActiveCfg = Debug|Any CPU
		{4BA8792A-D582-489F-A264-D19C7B7D4C09}.Debug|Any CPU.Build.0 = Debug|Any CPU
		{4BA8792A-D582-489F-A264-D19C7B7D4C09}.Release|Any CPU.ActiveCfg = Release|Any CPU
		{4BA8792A-D582-489F-A264-D19C7B7D4C09}.Release|Any CPU.Build.0 = Release|Any CPU
	EndGlobalSection
	GlobalSection(SolutionProperties) = preSolution
		HideSolutionNode = FALSE
	EndGlobalSection
	GlobalSection(ExtensibilityGlobals) = postSolution
		SolutionGuid = {956F2F90-A435-4DED-A777-E40DDA2197CC}
	EndGlobalSection
EndGlobal
